{
  "object": {
    "pins": [
      {
        "package": "CombineWebSocket",
        "repositoryURL": "https://github.com/FastSkipper-com/CombineWebSocket.git",
        "state": {
          "branch": null,
          "revision": "358d3a7eaffa6f8a23fe7e86968f5f9a06860231",
          "version": "0.1.1"
        }
      },
      {
        "package": "FoundationExtensions",
        "repositoryURL": "https://github.com/FastSkipper-com/FoundationExtensions.git",
        "state": {
          "branch": null,
          "revision": "7e4c8e5b3866830bae1bb98011442b68b6809802",
          "version": "0.1.1"
        }
      }
    ]
  },
  "version": 1
}
